
Microsoft Visual Studio Solution File, Format Version 12.00
# Visual Studio Version 16
VisualStudioVersion = 16.0.29728.190
MinimumVisualStudioVersion = 10.0.40219.1
Project("{FAE04EC0-301F-11D3-BF4B-00C04F79EFBC}") = "LarsenNetworking", "LarsenNetworking\LarsenNetworking.csproj", "{92F2E551-942A-40EC-AC97-3E51188CA752}"
EndProject
Project("{FAE04EC0-301F-11D3-BF4B-00C04F79EFBC}") = "Game", "Game\Game.csproj", "{4643A44E-5D26-4D0E-A811-99FB666F06D1}"
EndProject
Global
	GlobalSection(SolutionConfigurationPlatforms) = preSolution
		Debug|Any CPU = Debug|Any CPU
		Debug|x64 = Debug|x64
		Debug|x86 = Debug|x86
		Release|Any CPU = Release|Any CPU
		Release|x64 = Release|x64
		Release|x86 = Release|x86
	EndGlobalSection
	GlobalSection(ProjectConfigurationPlatforms) = postSolution
		{92F2E551-942A-40EC-AC97-3E51188CA752}.Debug|Any CPU.ActiveCfg = Debug|Any CPU
		{92F2E551-942A-40EC-AC97-3E51188CA752}.Debug|Any CPU.Build.0 = Debug|Any CPU
		{92F2E551-942A-40EC-AC97-3E51188CA752}.Debug|x64.ActiveCfg = Debug|Any CPU
		{92F2E551-942A-40EC-AC97-3E51188CA752}.Debug|x64.Build.0 = Debug|Any CPU
		{92F2E551-942A-40EC-AC97-3E51188CA752}.Debug|x86.ActiveCfg = Debug|Any CPU
		{92F2E551-942A-40EC-AC97-3E51188CA752}.Debug|x86.Build.0 = Debug|Any CPU
		{92F2E551-942A-40EC-AC97-3E51188CA752}.Release|Any CPU.ActiveCfg = Release|Any CPU
		{92F2E551-942A-40EC-AC97-3E51188CA752}.Release|Any CPU.Build.0 = Release|Any CPU
		{92F2E551-942A-40EC-AC97-3E51188CA752}.Release|x64.ActiveCfg = Release|Any CPU
		{92F2E551-942A-40EC-AC97-3E51188CA752}.Release|x64.Build.0 = Release|Any CPU
		{92F2E551-942A-40EC-AC97-3E51188CA752}.Release|x86.ActiveCfg = Release|Any CPU
		{92F2E551-942A-40EC-AC97-3E51188CA752}.Release|x86.Build.0 = Release|Any CPU
		{4643A44E-5D26-4D0E-A811-99FB666F06D1}.Debug|Any CPU.ActiveCfg = Debug|Any CPU
		{4643A44E-5D26-4D0E-A811-99FB666F06D1}.Debug|Any CPU.Build.0 = Debug|Any CPU
		{4643A44E-5D26-4D0E-A811-99FB666F06D1}.Debug|x64.ActiveCfg = Debug|Any CPU
		{4643A44E-5D26-4D0E-A811-99FB666F06D1}.Debug|x64.Build.0 = Debug|Any CPU
		{4643A44E-5D26-4D0E-A811-99FB666F06D1}.Debug|x86.ActiveCfg = Debug|Any CPU
		{4643A44E-5D26-4D0E-A811-99FB666F06D1}.Debug|x86.Build.0 = Debug|Any CPU
		{4643A44E-5D26-4D0E-A811-99FB666F06D1}.Release|Any CPU.ActiveCfg = Release|Any CPU
		{4643A44E-5D26-4D0E-A811-99FB666F06D1}.Release|Any CPU.Build.0 = Release|Any CPU
		{4643A44E-5D26-4D0E-A811-99FB666F06D1}.Release|x64.ActiveCfg = Release|Any CPU
		{4643A44E-5D26-4D0E-A811-99FB666F06D1}.Release|x64.Build.0 = Release|Any CPU
		{4643A44E-5D26-4D0E-A811-99FB666F06D1}.Release|x86.ActiveCfg = Release|Any CPU
		{4643A44E-5D26-4D0E-A811-99FB666F06D1}.Release|x86.Build.0 = Release|Any CPU
	EndGlobalSection
	GlobalSection(SolutionProperties) = preSolution
		HideSolutionNode = FALSE
	EndGlobalSection
	GlobalSection(ExtensibilityGlobals) = postSolution
		SolutionGuid = {F6CFAB8C-1500-4891-99F9-623358E798FA}
	EndGlobalSection
EndGlobal
